{
  "version": 4,
  "terraform_version": "1.1.0",
  "serial": 811,
  "lineage": "9310b849-4041-a5c6-1e2d-5bac1c70d065",
  "outputs": {},
  "resources": [
    {
      "mode": "managed",
      "type": "docker_container",
      "name": "adminer",
      "provider": "provider[\"registry.terraform.io/kreuzwerker/docker\"]",
      "instances": [
        {
          "schema_version": 2,
          "attributes": {
            "attach": false,
            "bridge": "",
            "capabilities": [],
            "command": [
              "php",
              "-S",
              "0.0.0.0:9000",
              "-t",
              "/var/www/html"
            ],
            "container_logs": null,
            "cpu_set": "",
            "cpu_shares": 0,
            "destroy_grace_seconds": null,
            "devices": [],
            "dns": null,
            "dns_opts": null,
            "dns_search": null,
            "domainname": "",
            "entrypoint": [
              "/entrypoint.sh"
            ],
            "env": [
              "ADMINER_DEFAULT_DB_DRIVER=psql",
              "ADMINER_DEFAULT_DB_HOST=postgres",
              "ADMINER_DEFAULT_DB_NAME=airflow_db"
            ],
            "exit_code": null,
            "gateway": "172.19.0.1",
            "group_add": null,
            "healthcheck": [
              {
                "interval": "10s",
                "retries": 10,
                "start_period": "0s",
                "test": [
                  "CMD",
                  "nc",
                  "-z",
                  "adminer",
                  "9000"
                ],
                "timeout": "45s"
              }
            ],
            "host": [],
            "hostname": "914d49878906",
            "id": "914d49878906a7401775dbcbe4574725f4ab7294ecf171c1ec7f8d4d4722eb81",
            "image": "sha256:5caaff0dbf9fa2b4e684ce5b812a1725d47439ff8152e3765c08e13b08779990",
            "init": false,
            "ip_address": "172.19.0.3",
            "ip_prefix_length": 16,
            "ipc_mode": "private",
            "labels": [],
            "links": null,
            "log_driver": "json-file",
            "log_opts": {
              "max-file": "5",
              "max-size": "10m"
            },
            "logs": false,
            "max_retry_count": 0,
            "memory": 0,
            "memory_swap": 0,
            "mounts": [],
            "must_run": true,
            "name": "adminer",
            "network_alias": null,
            "network_data": [
              {
                "gateway": "172.19.0.1",
                "global_ipv6_address": "",
                "global_ipv6_prefix_length": 0,
                "ip_address": "172.19.0.3",
                "ip_prefix_length": 16,
                "ipv6_gateway": "",
                "network_name": "airflow-network"
              }
            ],
            "network_mode": "default",
            "networks": null,
            "networks_advanced": [
              {
                "aliases": [],
                "ipv4_address": "",
                "ipv6_address": "",
                "name": "airflow-network"
              }
            ],
            "pid_mode": "",
            "ports": [
              {
                "external": 32767,
                "internal": 9000,
                "ip": "0.0.0.0",
                "protocol": "tcp"
              }
            ],
            "privileged": false,
            "publish_all_ports": false,
            "read_only": false,
            "remove_volumes": true,
            "restart": "always",
            "rm": false,
            "security_opts": [],
            "shm_size": 64,
            "start": true,
            "stdin_open": false,
            "storage_opts": null,
            "sysctls": null,
            "tmpfs": null,
            "tty": false,
            "ulimit": [],
            "upload": [],
            "user": "wodby",
            "userns_mode": "",
            "volumes": [],
            "working_dir": "/var/www/html"
          },
          "sensitive_attributes": [],
          "private": "eyJzY2hlbWFfdmVyc2lvbiI6IjIifQ==",
          "dependencies": [
            "docker_image.adminer",
            "docker_network.airflow_network"
          ]
        }
      ]
    },
    {
      "mode": "managed",
      "type": "docker_container",
      "name": "airflow",
      "provider": "provider[\"registry.terraform.io/kreuzwerker/docker\"]",
      "instances": [
        {
          "schema_version": 2,
          "attributes": {
            "attach": false,
            "bridge": "",
            "capabilities": [],
            "command": [
              "./start-airflow.sh"
            ],
            "container_logs": null,
            "cpu_set": "",
            "cpu_shares": 0,
            "destroy_grace_seconds": null,
            "devices": [],
            "dns": null,
            "dns_opts": null,
            "dns_search": null,
            "domainname": "",
            "entrypoint": [
              "./entrypoint.sh"
            ],
            "env": [],
            "exit_code": null,
            "gateway": "172.19.0.1",
            "group_add": null,
            "healthcheck": [
              {
                "interval": "10s",
                "retries": 10,
                "start_period": "0s",
                "test": [
                  "CMD",
                  "nc",
                  "-z",
                  "airflow",
                  "8080"
                ],
                "timeout": "45s"
              }
            ],
            "host": [],
            "hostname": "9f4439cb7c8f",
            "id": "9f4439cb7c8f5e58e8ce0d339fd3689913dce571fba9574d1ee65264c0fe68fa",
            "image": "sha256:984d0b45f0495e8d50222a982b22891ccd4fb388d81892258658e182b9680de1",
            "init": false,
            "ip_address": "172.19.0.6",
            "ip_prefix_length": 16,
            "ipc_mode": "private",
            "labels": [],
            "links": null,
            "log_driver": "json-file",
            "log_opts": null,
            "logs": false,
            "max_retry_count": 0,
            "memory": 0,
            "memory_swap": 0,
            "mounts": [],
            "must_run": true,
            "name": "airflow",
            "network_alias": null,
            "network_data": [
              {
                "gateway": "172.19.0.1",
                "global_ipv6_address": "",
                "global_ipv6_prefix_length": 0,
                "ip_address": "172.19.0.6",
                "ip_prefix_length": 16,
                "ipv6_gateway": "",
                "network_name": "airflow-network"
              }
            ],
            "network_mode": "default",
            "networks": null,
            "networks_advanced": [
              {
                "aliases": [],
                "ipv4_address": "",
                "ipv6_address": "",
                "name": "airflow-network"
              }
            ],
            "pid_mode": "",
            "ports": [
              {
                "external": 8080,
                "internal": 8080,
                "ip": "0.0.0.0",
                "protocol": "tcp"
              }
            ],
            "privileged": false,
            "publish_all_ports": false,
            "read_only": false,
            "remove_volumes": false,
            "restart": "always",
            "rm": false,
            "security_opts": [],
            "shm_size": 64,
            "start": true,
            "stdin_open": false,
            "storage_opts": null,
            "sysctls": null,
            "tmpfs": null,
            "tty": false,
            "ulimit": [],
            "upload": [],
            "user": "airflow",
            "userns_mode": "",
            "volumes": [
              {
                "container_path": "/opt/airflow/airflow.cfg",
                "from_container": "",
                "host_path": "/home/alex/00alex/git/course/udemy/airflow-marc-lamberti/exercises/s03_forex_pipeline/env/terraform/exec/../../../mnt/airflow/airflow.cfg",
                "read_only": null,
                "volume_name": ""
              },
              {
                "container_path": "/opt/airflow/dags/",
                "from_container": "",
                "host_path": "/home/alex/00alex/git/course/udemy/airflow-marc-lamberti/exercises/s03_forex_pipeline/env/terraform/exec/../../../mnt/airflow/dags/",
                "read_only": null,
                "volume_name": ""
              },
              {
                "container_path": "/opt/airflow/db",
                "from_container": "",
                "host_path": "",
                "read_only": null,
                "volume_name": "airflow-vol"
              }
            ],
            "working_dir": "/"
          },
          "sensitive_attributes": [],
          "private": "eyJzY2hlbWFfdmVyc2lvbiI6IjIifQ==",
          "dependencies": [
            "docker_image.airflow",
            "docker_network.airflow_network"
          ]
        }
      ]
    },
    {
      "mode": "managed",
      "type": "docker_container",
      "name": "hadoop_datanode",
      "provider": "provider[\"registry.terraform.io/kreuzwerker/docker\"]",
      "instances": [
        {
          "schema_version": 2,
          "attributes": {
            "attach": false,
            "bridge": "",
            "capabilities": [],
            "command": [
              "./start-datanode.sh"
            ],
            "container_logs": null,
            "cpu_set": "",
            "cpu_shares": 0,
            "destroy_grace_seconds": null,
            "devices": [],
            "dns": null,
            "dns_opts": null,
            "dns_search": null,
            "domainname": "",
            "entrypoint": [
              "./entrypoint.sh"
            ],
            "env": [
              "SERVICE_PRECONDITION=namenode:9870"
            ],
            "exit_code": null,
            "gateway": "172.19.0.1",
            "group_add": null,
            "healthcheck": [
              {
                "interval": "10s",
                "retries": 10,
                "start_period": "0s",
                "test": [
                  "CMD",
                  "nc",
                  "-z",
                  "datanode",
                  "9864"
                ],
                "timeout": "45s"
              }
            ],
            "host": [],
            "hostname": "910704f0bf2f",
            "id": "910704f0bf2f6d358c4755e13782b010bf1b990574dd9146cb1538886b837467",
            "image": "sha256:48a81795f15b539163458915703839473e55e4affc508729096f3a1bd351f40e",
            "init": false,
            "ip_address": "172.19.0.8",
            "ip_prefix_length": 16,
            "ipc_mode": "private",
            "labels": [],
            "links": null,
            "log_driver": "json-file",
            "log_opts": {
              "max-file": "5",
              "max-size": "10m"
            },
            "logs": false,
            "max_retry_count": 0,
            "memory": 0,
            "memory_swap": 0,
            "mounts": [],
            "must_run": true,
            "name": "datanode",
            "network_alias": null,
            "network_data": [
              {
                "gateway": "172.19.0.1",
                "global_ipv6_address": "",
                "global_ipv6_prefix_length": 0,
                "ip_address": "172.19.0.8",
                "ip_prefix_length": 16,
                "ipv6_gateway": "",
                "network_name": "airflow-network"
              }
            ],
            "network_mode": "default",
            "networks": null,
            "networks_advanced": [
              {
                "aliases": [],
                "ipv4_address": "",
                "ipv6_address": "",
                "name": "airflow-network"
              }
            ],
            "pid_mode": "",
            "ports": [],
            "privileged": false,
            "publish_all_ports": false,
            "read_only": false,
            "remove_volumes": false,
            "restart": "always",
            "rm": false,
            "security_opts": [],
            "shm_size": 64,
            "start": true,
            "stdin_open": false,
            "storage_opts": null,
            "sysctls": null,
            "tmpfs": null,
            "tty": false,
            "ulimit": [],
            "upload": [],
            "user": "",
            "userns_mode": "",
            "volumes": [
              {
                "container_path": "/hadoop/dfs/data",
                "from_container": "",
                "host_path": "",
                "read_only": null,
                "volume_name": "datanode-vol"
              }
            ],
            "working_dir": ""
          },
          "sensitive_attributes": [],
          "private": "eyJzY2hlbWFfdmVyc2lvbiI6IjIifQ==",
          "dependencies": [
            "docker_container.hadoop_namenode",
            "docker_image.hadoop_datanode",
            "docker_image.hadoop_namenode",
            "docker_network.airflow_network"
          ]
        }
      ]
    },
    {
      "mode": "managed",
      "type": "docker_container",
      "name": "hadoop_namenode",
      "provider": "provider[\"registry.terraform.io/kreuzwerker/docker\"]",
      "instances": [
        {
          "schema_version": 2,
          "attributes": {
            "attach": false,
            "bridge": "",
            "capabilities": [],
            "command": [
              "./start-namenode.sh"
            ],
            "container_logs": null,
            "cpu_set": "",
            "cpu_shares": 0,
            "destroy_grace_seconds": null,
            "devices": [],
            "dns": null,
            "dns_opts": null,
            "dns_search": null,
            "domainname": "",
            "entrypoint": [
              "./entrypoint.sh"
            ],
            "env": [
              "CLUSTER_NAME=hadoop_cluster"
            ],
            "exit_code": null,
            "gateway": "172.19.0.1",
            "group_add": null,
            "healthcheck": [
              {
                "interval": "10s",
                "retries": 10,
                "start_period": "0s",
                "test": [
                  "CMD",
                  "nc",
                  "-z",
                  "namenode",
                  "9870"
                ],
                "timeout": "45s"
              }
            ],
            "host": [],
            "hostname": "54cdf53858b3",
            "id": "54cdf53858b39fc0405c419b5e08ff9ee9bd45dd15d364b1f3e00cacb44c0a27",
            "image": "sha256:dd192aee71789996873123af7be3101aa669fdbe5b12db44badb81291a314f1c",
            "init": false,
            "ip_address": "172.19.0.4",
            "ip_prefix_length": 16,
            "ipc_mode": "private",
            "labels": [],
            "links": null,
            "log_driver": "json-file",
            "log_opts": {
              "max-file": "5",
              "max-size": "10m"
            },
            "logs": false,
            "max_retry_count": 0,
            "memory": 0,
            "memory_swap": 0,
            "mounts": [],
            "must_run": true,
            "name": "namenode",
            "network_alias": null,
            "network_data": [
              {
                "gateway": "172.19.0.1",
                "global_ipv6_address": "",
                "global_ipv6_prefix_length": 0,
                "ip_address": "172.19.0.4",
                "ip_prefix_length": 16,
                "ipv6_gateway": "",
                "network_name": "airflow-network"
              }
            ],
            "network_mode": "default",
            "networks": null,
            "networks_advanced": [
              {
                "aliases": [],
                "ipv4_address": "",
                "ipv6_address": "",
                "name": "airflow-network"
              }
            ],
            "pid_mode": "",
            "ports": [
              {
                "external": 32763,
                "internal": 9870,
                "ip": "0.0.0.0",
                "protocol": "tcp"
              }
            ],
            "privileged": false,
            "publish_all_ports": false,
            "read_only": false,
            "remove_volumes": false,
            "restart": "always",
            "rm": false,
            "security_opts": [],
            "shm_size": 64,
            "start": true,
            "stdin_open": false,
            "storage_opts": null,
            "sysctls": null,
            "tmpfs": null,
            "tty": false,
            "ulimit": [],
            "upload": [],
            "user": "",
            "userns_mode": "",
            "volumes": [
              {
                "container_path": "/hadoop/dfs/name",
                "from_container": "",
                "host_path": "",
                "read_only": null,
                "volume_name": "namenode-vol"
              }
            ],
            "working_dir": ""
          },
          "sensitive_attributes": [],
          "private": "eyJzY2hlbWFfdmVyc2lvbiI6IjIifQ==",
          "dependencies": [
            "docker_image.hadoop_namenode",
            "docker_network.airflow_network"
          ]
        }
      ]
    },
    {
      "mode": "managed",
      "type": "docker_container",
      "name": "hive_metastore",
      "provider": "provider[\"registry.terraform.io/kreuzwerker/docker\"]",
      "instances": [
        {
          "schema_version": 2,
          "attributes": {
            "attach": false,
            "bridge": "",
            "capabilities": [],
            "command": [
              "./startup.sh"
            ],
            "container_logs": null,
            "cpu_set": "",
            "cpu_shares": 0,
            "destroy_grace_seconds": null,
            "devices": [],
            "dns": null,
            "dns_opts": null,
            "dns_search": null,
            "domainname": "",
            "entrypoint": [
              "./entrypoint.sh"
            ],
            "env": [
              "SERVICE_PRECONDITION=namenode:9870 datanode:9864 postgres:5432"
            ],
            "exit_code": null,
            "gateway": "172.19.0.1",
            "group_add": null,
            "healthcheck": [
              {
                "interval": "10s",
                "retries": 10,
                "start_period": "0s",
                "test": [
                  "CMD",
                  "nc",
                  "-z",
                  "hive-metastore",
                  "9083"
                ],
                "timeout": "45s"
              }
            ],
            "host": [],
            "hostname": "986a3c315c89",
            "id": "986a3c315c89768b3a45172c7b617a3b9323e0884e3a528b09d604a612ddbfb7",
            "image": "sha256:33a7e180f085e4afb99e8637e430634941cd90c954f7766df6a67a1c2210663e",
            "init": false,
            "ip_address": "172.19.0.10",
            "ip_prefix_length": 16,
            "ipc_mode": "private",
            "labels": [],
            "links": null,
            "log_driver": "json-file",
            "log_opts": {
              "max-file": "5",
              "max-size": "10m"
            },
            "logs": false,
            "max_retry_count": 0,
            "memory": 0,
            "memory_swap": 0,
            "mounts": [],
            "must_run": true,
            "name": "hive-metastore",
            "network_alias": null,
            "network_data": [
              {
                "gateway": "172.19.0.1",
                "global_ipv6_address": "",
                "global_ipv6_prefix_length": 0,
                "ip_address": "172.19.0.10",
                "ip_prefix_length": 16,
                "ipv6_gateway": "",
                "network_name": "airflow-network"
              }
            ],
            "network_mode": "default",
            "networks": null,
            "networks_advanced": [
              {
                "aliases": [],
                "ipv4_address": "",
                "ipv6_address": "",
                "name": "airflow-network"
              }
            ],
            "pid_mode": "",
            "ports": [
              {
                "external": 32761,
                "internal": 9083,
                "ip": "0.0.0.0",
                "protocol": "tcp"
              }
            ],
            "privileged": false,
            "publish_all_ports": false,
            "read_only": false,
            "remove_volumes": true,
            "restart": "always",
            "rm": false,
            "security_opts": [],
            "shm_size": 64,
            "start": true,
            "stdin_open": false,
            "storage_opts": null,
            "sysctls": null,
            "tmpfs": null,
            "tty": false,
            "ulimit": [],
            "upload": [],
            "user": "",
            "userns_mode": "",
            "volumes": [],
            "working_dir": "/opt"
          },
          "sensitive_attributes": [],
          "private": "eyJzY2hlbWFfdmVyc2lvbiI6IjIifQ==",
          "dependencies": [
            "docker_container.hadoop_datanode",
            "docker_container.hadoop_namenode",
            "docker_container.postgres",
            "docker_image.hadoop_datanode",
            "docker_image.hadoop_namenode",
            "docker_image.hive_metastore",
            "docker_image.postgres",
            "docker_network.airflow_network"
          ]
        }
      ]
    },
    {
      "mode": "managed",
      "type": "docker_container",
      "name": "hive_server",
      "provider": "provider[\"registry.terraform.io/kreuzwerker/docker\"]",
      "instances": [
        {
          "schema_version": 2,
          "attributes": {
            "attach": false,
            "bridge": "",
            "capabilities": [],
            "command": [
              "./startup.sh"
            ],
            "container_logs": null,
            "cpu_set": "",
            "cpu_shares": 0,
            "destroy_grace_seconds": null,
            "devices": [],
            "dns": null,
            "dns_opts": null,
            "dns_search": null,
            "domainname": "",
            "entrypoint": [
              "./entrypoint.sh"
            ],
            "env": [
              "SERVICE_PRECONDITION=hive-metastore:9083"
            ],
            "exit_code": null,
            "gateway": "172.19.0.1",
            "group_add": null,
            "healthcheck": [
              {
                "interval": "10s",
                "retries": 10,
                "start_period": "0s",
                "test": [
                  "CMD",
                  "nc",
                  "-z",
                  "hive-server",
                  "10002"
                ],
                "timeout": "45s"
              }
            ],
            "host": [],
            "hostname": "0f368ddcc145",
            "id": "0f368ddcc1450d78be2f6154eeb72e7e0eecbd72b0a6091f6692eed7883517fd",
            "image": "sha256:cf951835930f197224d8ed37c03aae0dfe81d4567102fdcedace91d86378a0ff",
            "init": false,
            "ip_address": "172.19.0.11",
            "ip_prefix_length": 16,
            "ipc_mode": "private",
            "labels": [],
            "links": null,
            "log_driver": "json-file",
            "log_opts": {
              "max-file": "5",
              "max-size": "10m"
            },
            "logs": false,
            "max_retry_count": 0,
            "memory": 0,
            "memory_swap": 0,
            "mounts": [],
            "must_run": true,
            "name": "hive-server",
            "network_alias": null,
            "network_data": [
              {
                "gateway": "172.19.0.1",
                "global_ipv6_address": "",
                "global_ipv6_prefix_length": 0,
                "ip_address": "172.19.0.11",
                "ip_prefix_length": 16,
                "ipv6_gateway": "",
                "network_name": "airflow-network"
              }
            ],
            "network_mode": "default",
            "networks": null,
            "networks_advanced": [
              {
                "aliases": [],
                "ipv4_address": "",
                "ipv6_address": "",
                "name": "airflow-network"
              }
            ],
            "pid_mode": "",
            "ports": [
              {
                "external": 32760,
                "internal": 10000,
                "ip": "0.0.0.0",
                "protocol": "tcp"
              },
              {
                "external": 32759,
                "internal": 10002,
                "ip": "0.0.0.0",
                "protocol": "tcp"
              }
            ],
            "privileged": false,
            "publish_all_ports": false,
            "read_only": false,
            "remove_volumes": true,
            "restart": "always",
            "rm": false,
            "security_opts": [],
            "shm_size": 64,
            "start": true,
            "stdin_open": false,
            "storage_opts": null,
            "sysctls": null,
            "tmpfs": null,
            "tty": false,
            "ulimit": [],
            "upload": [],
            "user": "",
            "userns_mode": "",
            "volumes": [],
            "working_dir": "/opt"
          },
          "sensitive_attributes": [],
          "private": "eyJzY2hlbWFfdmVyc2lvbiI6IjIifQ==",
          "dependencies": [
            "docker_container.hadoop_datanode",
            "docker_container.hadoop_namenode",
            "docker_container.hive_metastore",
            "docker_container.postgres",
            "docker_image.hadoop_datanode",
            "docker_image.hadoop_namenode",
            "docker_image.hive_metastore",
            "docker_image.hive_server",
            "docker_image.postgres",
            "docker_network.airflow_network"
          ]
        }
      ]
    },
    {
      "mode": "managed",
      "type": "docker_container",
      "name": "hive_webhcat",
      "provider": "provider[\"registry.terraform.io/kreuzwerker/docker\"]",
      "instances": [
        {
          "schema_version": 2,
          "attributes": {
            "attach": false,
            "bridge": "",
            "capabilities": [],
            "command": [
              "./startup.sh"
            ],
            "container_logs": null,
            "cpu_set": "",
            "cpu_shares": 0,
            "destroy_grace_seconds": null,
            "devices": [],
            "dns": null,
            "dns_opts": null,
            "dns_search": null,
            "domainname": "",
            "entrypoint": [
              "./entrypoint.sh"
            ],
            "env": [
              "SERVICE_PRECONDITION=hive-server:10000"
            ],
            "exit_code": null,
            "gateway": "172.19.0.1",
            "group_add": null,
            "healthcheck": [
              {
                "interval": "10s",
                "retries": 10,
                "start_period": "1m0s",
                "test": [
                  "CMD",
                  "nc",
                  "-z",
                  "hive-webhcat",
                  "50111"
                ],
                "timeout": "45s"
              }
            ],
            "host": [],
            "hostname": "0448b03a6958",
            "id": "0448b03a69587125c2a4863d7427657d196406c53e4ee9bac45616b333e28aee",
            "image": "sha256:f814cf61461823794cefc945edef4b2f8a4a7196be86f85958006ae3d7d3049a",
            "init": false,
            "ip_address": "172.19.0.12",
            "ip_prefix_length": 16,
            "ipc_mode": "private",
            "labels": [],
            "links": null,
            "log_driver": "json-file",
            "log_opts": {
              "max-file": "5",
              "max-size": "10m"
            },
            "logs": false,
            "max_retry_count": 0,
            "memory": 0,
            "memory_swap": 0,
            "mounts": [],
            "must_run": true,
            "name": "hive-webhcat",
            "network_alias": null,
            "network_data": [
              {
                "gateway": "172.19.0.1",
                "global_ipv6_address": "",
                "global_ipv6_prefix_length": 0,
                "ip_address": "172.19.0.12",
                "ip_prefix_length": 16,
                "ipv6_gateway": "",
                "network_name": "airflow-network"
              }
            ],
            "network_mode": "default",
            "networks": null,
            "networks_advanced": [
              {
                "aliases": [],
                "ipv4_address": "",
                "ipv6_address": "",
                "name": "airflow-network"
              }
            ],
            "pid_mode": "",
            "ports": [],
            "privileged": false,
            "publish_all_ports": false,
            "read_only": false,
            "remove_volumes": true,
            "restart": "always",
            "rm": false,
            "security_opts": [],
            "shm_size": 64,
            "start": true,
            "stdin_open": false,
            "storage_opts": null,
            "sysctls": null,
            "tmpfs": null,
            "tty": false,
            "ulimit": [],
            "upload": [],
            "user": "",
            "userns_mode": "",
            "volumes": [],
            "working_dir": "/opt"
          },
          "sensitive_attributes": [],
          "private": "eyJzY2hlbWFfdmVyc2lvbiI6IjIifQ==",
          "dependencies": [
            "docker_container.hadoop_datanode",
            "docker_container.hadoop_namenode",
            "docker_container.hive_metastore",
            "docker_container.hive_server",
            "docker_container.postgres",
            "docker_image.hadoop_datanode",
            "docker_image.hadoop_namenode",
            "docker_image.hive_metastore",
            "docker_image.hive_server",
            "docker_image.hive_webhcat",
            "docker_image.postgres",
            "docker_network.airflow_network"
          ]
        }
      ]
    },
    {
      "mode": "managed",
      "type": "docker_container",
      "name": "hue",
      "provider": "provider[\"registry.terraform.io/kreuzwerker/docker\"]",
      "instances": [
        {
          "schema_version": 2,
          "attributes": {
            "attach": false,
            "bridge": "",
            "capabilities": [],
            "command": [
              "./startup.sh"
            ],
            "container_logs": null,
            "cpu_set": "",
            "cpu_shares": 0,
            "destroy_grace_seconds": null,
            "devices": [],
            "dns": null,
            "dns_opts": null,
            "dns_search": null,
            "domainname": "",
            "entrypoint": [
              "./entrypoint.sh"
            ],
            "env": [
              "SERVICE_PRECONDITION=hive-server:10000 postgres:5432"
            ],
            "exit_code": null,
            "gateway": "172.19.0.1",
            "group_add": null,
            "healthcheck": [
              {
                "interval": "10s",
                "retries": 10,
                "start_period": "1m0s",
                "test": [
                  "CMD",
                  "nc",
                  "-z",
                  "hue",
                  "8888"
                ],
                "timeout": "45s"
              }
            ],
            "host": [],
            "hostname": "70434ab12b1e",
            "id": "70434ab12b1e71d07580ed521659eecd6bc0f02837378381c32fa7c97e15a108",
            "image": "sha256:6dc44447ffe61086b9017aa014742ea8bd63251e4c236b44ac37b017194d2ce8",
            "init": false,
            "ip_address": "172.19.0.13",
            "ip_prefix_length": 16,
            "ipc_mode": "private",
            "labels": [],
            "links": null,
            "log_driver": "json-file",
            "log_opts": {
              "max-file": "5",
              "max-size": "10m"
            },
            "logs": false,
            "max_retry_count": 0,
            "memory": 0,
            "memory_swap": 0,
            "mounts": [],
            "must_run": true,
            "name": "hue",
            "network_alias": null,
            "network_data": [
              {
                "gateway": "172.19.0.1",
                "global_ipv6_address": "",
                "global_ipv6_prefix_length": 0,
                "ip_address": "172.19.0.13",
                "ip_prefix_length": 16,
                "ipv6_gateway": "",
                "network_name": "airflow-network"
              }
            ],
            "network_mode": "default",
            "networks": null,
            "networks_advanced": [
              {
                "aliases": [],
                "ipv4_address": "",
                "ipv6_address": "",
                "name": "airflow-network"
              }
            ],
            "pid_mode": "",
            "ports": [
              {
                "external": 32762,
                "internal": 8888,
                "ip": "0.0.0.0",
                "protocol": "tcp"
              }
            ],
            "privileged": false,
            "publish_all_ports": false,
            "read_only": false,
            "remove_volumes": true,
            "restart": "always",
            "rm": false,
            "security_opts": [],
            "shm_size": 64,
            "start": true,
            "stdin_open": false,
            "storage_opts": null,
            "sysctls": null,
            "tmpfs": null,
            "tty": false,
            "ulimit": [],
            "upload": [],
            "user": "root",
            "userns_mode": "",
            "volumes": [],
            "working_dir": "/usr/share/hue"
          },
          "sensitive_attributes": [],
          "private": "eyJzY2hlbWFfdmVyc2lvbiI6IjIifQ==",
          "dependencies": [
            "docker_container.hadoop_datanode",
            "docker_container.hadoop_namenode",
            "docker_container.hive_metastore",
            "docker_container.hive_server",
            "docker_container.postgres",
            "docker_image.hadoop_datanode",
            "docker_image.hadoop_namenode",
            "docker_image.hive_metastore",
            "docker_image.hive_server",
            "docker_image.hue",
            "docker_image.postgres",
            "docker_network.airflow_network"
          ]
        }
      ]
    },
    {
      "mode": "managed",
      "type": "docker_container",
      "name": "livy",
      "provider": "provider[\"registry.terraform.io/kreuzwerker/docker\"]",
      "instances": [
        {
          "schema_version": 2,
          "attributes": {
            "attach": false,
            "bridge": "",
            "capabilities": [],
            "command": [],
            "container_logs": null,
            "cpu_set": "",
            "cpu_shares": 0,
            "destroy_grace_seconds": null,
            "devices": [],
            "dns": null,
            "dns_opts": null,
            "dns_search": null,
            "domainname": "",
            "entrypoint": [
              "./entrypoint"
            ],
            "env": [
              "DEPLOY_MODE=client",
              "SPARK_MASTER_ENDPOINT=spark-master",
              "SPARK_MASTER_PORT=7077"
            ],
            "exit_code": null,
            "gateway": "172.19.0.1",
            "group_add": null,
            "healthcheck": [
              {
                "interval": "10s",
                "retries": 10,
                "start_period": "0s",
                "test": [
                  "CMD",
                  "nc",
                  "-z",
                  "livy",
                  "8998"
                ],
                "timeout": "45s"
              }
            ],
            "host": [],
            "hostname": "72648c1b5686",
            "id": "72648c1b56868382148b7f215b033cf5c8f8cf82b513521808c0fa0b8f891e87",
            "image": "sha256:bd7e6a4f43c4ac242dd3a1c73f4ee1db18974024c426e05adcca964c8f714ff4",
            "init": false,
            "ip_address": "172.19.0.9",
            "ip_prefix_length": 16,
            "ipc_mode": "private",
            "labels": [],
            "links": null,
            "log_driver": "json-file",
            "log_opts": {
              "max-file": "5",
              "max-size": "10m"
            },
            "logs": false,
            "max_retry_count": 0,
            "memory": 0,
            "memory_swap": 0,
            "mounts": [],
            "must_run": true,
            "name": "livy",
            "network_alias": null,
            "network_data": [
              {
                "gateway": "172.19.0.1",
                "global_ipv6_address": "",
                "global_ipv6_prefix_length": 0,
                "ip_address": "172.19.0.9",
                "ip_prefix_length": 16,
                "ipv6_gateway": "",
                "network_name": "airflow-network"
              }
            ],
            "network_mode": "default",
            "networks": null,
            "networks_advanced": [
              {
                "aliases": [],
                "ipv4_address": "",
                "ipv6_address": "",
                "name": "airflow-network"
              }
            ],
            "pid_mode": "",
            "ports": [
              {
                "external": 32758,
                "internal": 8998,
                "ip": "0.0.0.0",
                "protocol": "tcp"
              }
            ],
            "privileged": false,
            "publish_all_ports": false,
            "read_only": false,
            "remove_volumes": true,
            "restart": "always",
            "rm": false,
            "security_opts": [],
            "shm_size": 64,
            "start": true,
            "stdin_open": false,
            "storage_opts": null,
            "sysctls": null,
            "tmpfs": null,
            "tty": false,
            "ulimit": [],
            "upload": [],
            "user": "",
            "userns_mode": "",
            "volumes": [],
            "working_dir": "/opt/docker-init"
          },
          "sensitive_attributes": [],
          "private": "eyJzY2hlbWFfdmVyc2lvbiI6IjIifQ==",
          "dependencies": [
            "docker_container.spark_master",
            "docker_container.spark_worker",
            "docker_image.livy",
            "docker_image.spark_master",
            "docker_image.spark_worker",
            "docker_network.airflow_network"
          ]
        }
      ]
    },
    {
      "mode": "managed",
      "type": "docker_container",
      "name": "postgres",
      "provider": "provider[\"registry.terraform.io/kreuzwerker/docker\"]",
      "instances": [
        {
          "schema_version": 2,
          "attributes": {
            "attach": false,
            "bridge": "",
            "capabilities": [],
            "command": [
              "postgres"
            ],
            "container_logs": null,
            "cpu_set": "",
            "cpu_shares": 0,
            "destroy_grace_seconds": null,
            "devices": [],
            "dns": null,
            "dns_opts": null,
            "dns_search": null,
            "domainname": "",
            "entrypoint": [
              "docker-entrypoint.sh"
            ],
            "env": [
              "POSTGRES_DB=airflow_db",
              "POSTGRES_PASSWORD=airflow",
              "POSTGRES_USER=airflow"
            ],
            "exit_code": null,
            "gateway": "172.19.0.1",
            "group_add": null,
            "healthcheck": [
              {
                "interval": "10s",
                "retries": 10,
                "start_period": "0s",
                "test": [
                  "CMD",
                  "pg_isready",
                  "-q",
                  "-d",
                  "airflow_db",
                  "-U",
                  "airflow"
                ],
                "timeout": "45s"
              }
            ],
            "host": [],
            "hostname": "c8cc010a834a",
            "id": "c8cc010a834acf07c0982ae515c922310d0f21d77fdc2c3a1823da6d72a2f464",
            "image": "sha256:51296ced813f404ecfcff23a5a449e696eac4371901f7e806bef7e3586fbcb87",
            "init": false,
            "ip_address": "172.19.0.5",
            "ip_prefix_length": 16,
            "ipc_mode": "private",
            "labels": [],
            "links": null,
            "log_driver": "json-file",
            "log_opts": {
              "max-file": "5",
              "max-size": "10m"
            },
            "logs": false,
            "max_retry_count": 0,
            "memory": 0,
            "memory_swap": 0,
            "mounts": [],
            "must_run": true,
            "name": "postgres",
            "network_alias": null,
            "network_data": [
              {
                "gateway": "172.19.0.1",
                "global_ipv6_address": "",
                "global_ipv6_prefix_length": 0,
                "ip_address": "172.19.0.5",
                "ip_prefix_length": 16,
                "ipv6_gateway": "",
                "network_name": "airflow-network"
              }
            ],
            "network_mode": "default",
            "networks": null,
            "networks_advanced": [
              {
                "aliases": [],
                "ipv4_address": "",
                "ipv6_address": "",
                "name": "airflow-network"
              }
            ],
            "pid_mode": "",
            "ports": [
              {
                "external": 32769,
                "internal": 5432,
                "ip": "0.0.0.0",
                "protocol": "tcp"
              }
            ],
            "privileged": false,
            "publish_all_ports": false,
            "read_only": false,
            "remove_volumes": false,
            "restart": "always",
            "rm": false,
            "security_opts": [],
            "shm_size": 64,
            "start": true,
            "stdin_open": false,
            "storage_opts": null,
            "sysctls": null,
            "tmpfs": null,
            "tty": false,
            "ulimit": [],
            "upload": [],
            "user": "",
            "userns_mode": "",
            "volumes": [
              {
                "container_path": "/var/lib/postgresql/data",
                "from_container": "",
                "host_path": "",
                "read_only": null,
                "volume_name": "postgres-vol"
              }
            ],
            "working_dir": ""
          },
          "sensitive_attributes": [],
          "private": "eyJzY2hlbWFfdmVyc2lvbiI6IjIifQ==",
          "dependencies": [
            "docker_image.postgres",
            "docker_network.airflow_network"
          ]
        }
      ]
    },
    {
      "mode": "managed",
      "type": "docker_container",
      "name": "spark_master",
      "provider": "provider[\"registry.terraform.io/kreuzwerker/docker\"]",
      "instances": [
        {
          "schema_version": 2,
          "attributes": {
            "attach": false,
            "bridge": "",
            "capabilities": [],
            "command": [
              "./start-master.sh"
            ],
            "container_logs": null,
            "cpu_set": "",
            "cpu_shares": 0,
            "destroy_grace_seconds": null,
            "devices": [],
            "dns": null,
            "dns_opts": null,
            "dns_search": null,
            "domainname": "",
            "entrypoint": [
              "./entrypoint.sh"
            ],
            "env": [],
            "exit_code": null,
            "gateway": "172.19.0.1",
            "group_add": null,
            "healthcheck": [
              {
                "interval": "10s",
                "retries": 10,
                "start_period": "0s",
                "test": [
                  "CMD",
                  "nc",
                  "-z",
                  "spark-master",
                  "8082"
                ],
                "timeout": "45s"
              }
            ],
            "host": [],
            "hostname": "061f60216a32",
            "id": "061f60216a327ea78bfcce095c38400eb4e90fc159bd812e73e19ad8fe7f664b",
            "image": "sha256:d2758248847d1bc9cd6ee34eefccedf915e970c96865c491891d9c6741cf2a44",
            "init": false,
            "ip_address": "172.19.0.2",
            "ip_prefix_length": 16,
            "ipc_mode": "private",
            "labels": [],
            "links": null,
            "log_driver": "json-file",
            "log_opts": {
              "max-file": "5",
              "max-size": "10m"
            },
            "logs": false,
            "max_retry_count": 0,
            "memory": 0,
            "memory_swap": 0,
            "mounts": [],
            "must_run": true,
            "name": "spark-master",
            "network_alias": null,
            "network_data": [
              {
                "gateway": "172.19.0.1",
                "global_ipv6_address": "",
                "global_ipv6_prefix_length": 0,
                "ip_address": "172.19.0.2",
                "ip_prefix_length": 16,
                "ipv6_gateway": "",
                "network_name": "airflow-network"
              }
            ],
            "network_mode": "default",
            "networks": null,
            "networks_advanced": [
              {
                "aliases": [],
                "ipv4_address": "",
                "ipv6_address": "",
                "name": "airflow-network"
              }
            ],
            "pid_mode": "",
            "ports": [
              {
                "external": 32765,
                "internal": 7077,
                "ip": "0.0.0.0",
                "protocol": "tcp"
              },
              {
                "external": 32766,
                "internal": 8082,
                "ip": "0.0.0.0",
                "protocol": "tcp"
              }
            ],
            "privileged": false,
            "publish_all_ports": false,
            "read_only": false,
            "remove_volumes": false,
            "restart": "always",
            "rm": false,
            "security_opts": [],
            "shm_size": 64,
            "start": true,
            "stdin_open": false,
            "storage_opts": null,
            "sysctls": null,
            "tmpfs": null,
            "tty": false,
            "ulimit": [],
            "upload": [],
            "user": "",
            "userns_mode": "",
            "volumes": [
              {
                "container_path": "/opt/spark-apps",
                "from_container": "",
                "host_path": "",
                "read_only": null,
                "volume_name": "spark-master-apps-vol"
              },
              {
                "container_path": "/opt/spark-data",
                "from_container": "",
                "host_path": "",
                "read_only": null,
                "volume_name": "spark-master-data-vol"
              }
            ],
            "working_dir": "/"
          },
          "sensitive_attributes": [],
          "private": "eyJzY2hlbWFfdmVyc2lvbiI6IjIifQ==",
          "dependencies": [
            "docker_image.spark_master",
            "docker_network.airflow_network"
          ]
        }
      ]
    },
    {
      "mode": "managed",
      "type": "docker_container",
      "name": "spark_worker",
      "provider": "provider[\"registry.terraform.io/kreuzwerker/docker\"]",
      "instances": [
        {
          "schema_version": 2,
          "attributes": {
            "attach": false,
            "bridge": "",
            "capabilities": [],
            "command": [
              "./start-worker.sh"
            ],
            "container_logs": null,
            "cpu_set": "",
            "cpu_shares": 0,
            "destroy_grace_seconds": null,
            "devices": [],
            "dns": null,
            "dns_opts": null,
            "dns_search": null,
            "domainname": "",
            "entrypoint": [
              "./entrypoint.sh"
            ],
            "env": [],
            "exit_code": null,
            "gateway": "172.19.0.1",
            "group_add": null,
            "healthcheck": [
              {
                "interval": "10s",
                "retries": 10,
                "start_period": "0s",
                "test": [
                  "CMD",
                  "nc",
                  "-z",
                  "spark-worker",
                  "8081"
                ],
                "timeout": "45s"
              }
            ],
            "host": [],
            "hostname": "cebdd536ab6b",
            "id": "cebdd536ab6b9931dfc725e07c8e70ca10ae8917521bd44684bc6ce21dacb7f7",
            "image": "sha256:0592d59b0f8a18dbd16e588e0d96fb99b9d84b287e1c3257893f9d28dedfa0b0",
            "init": false,
            "ip_address": "172.19.0.7",
            "ip_prefix_length": 16,
            "ipc_mode": "private",
            "labels": [],
            "links": null,
            "log_driver": "json-file",
            "log_opts": {
              "max-file": "5",
              "max-size": "10m"
            },
            "logs": false,
            "max_retry_count": 0,
            "memory": 0,
            "memory_swap": 0,
            "mounts": [],
            "must_run": true,
            "name": "spark-worker",
            "network_alias": null,
            "network_data": [
              {
                "gateway": "172.19.0.1",
                "global_ipv6_address": "",
                "global_ipv6_prefix_length": 0,
                "ip_address": "172.19.0.7",
                "ip_prefix_length": 16,
                "ipv6_gateway": "",
                "network_name": "airflow-network"
              }
            ],
            "network_mode": "default",
            "networks": null,
            "networks_advanced": [
              {
                "aliases": [],
                "ipv4_address": "",
                "ipv6_address": "",
                "name": "airflow-network"
              }
            ],
            "pid_mode": "",
            "ports": [
              {
                "external": 32764,
                "internal": 8081,
                "ip": "0.0.0.0",
                "protocol": "tcp"
              }
            ],
            "privileged": false,
            "publish_all_ports": false,
            "read_only": false,
            "remove_volumes": false,
            "restart": "always",
            "rm": false,
            "security_opts": [],
            "shm_size": 64,
            "start": true,
            "stdin_open": false,
            "storage_opts": null,
            "sysctls": null,
            "tmpfs": null,
            "tty": false,
            "ulimit": [],
            "upload": [],
            "user": "",
            "userns_mode": "",
            "volumes": [
              {
                "container_path": "/opt/spark-apps",
                "from_container": "",
                "host_path": "",
                "read_only": null,
                "volume_name": "spark-worker-apps-vol"
              },
              {
                "container_path": "/opt/spark-data",
                "from_container": "",
                "host_path": "",
                "read_only": null,
                "volume_name": "spark-worker-data-vol"
              }
            ],
            "working_dir": "/"
          },
          "sensitive_attributes": [],
          "private": "eyJzY2hlbWFfdmVyc2lvbiI6IjIifQ==",
          "dependencies": [
            "docker_container.spark_master",
            "docker_image.spark_master",
            "docker_image.spark_worker",
            "docker_network.airflow_network"
          ]
        }
      ]
    },
    {
      "mode": "managed",
      "type": "docker_image",
      "name": "adminer",
      "provider": "provider[\"registry.terraform.io/kreuzwerker/docker\"]",
      "instances": [
        {
          "schema_version": 0,
          "attributes": {
            "build": [],
            "force_remove": null,
            "id": "sha256:5caaff0dbf9fa2b4e684ce5b812a1725d47439ff8152e3765c08e13b08779990wodby/adminer:latest",
            "keep_locally": true,
            "latest": "sha256:5caaff0dbf9fa2b4e684ce5b812a1725d47439ff8152e3765c08e13b08779990",
            "name": "wodby/adminer:latest",
            "output": null,
            "pull_trigger": null,
            "pull_triggers": null,
            "repo_digest": "wodby/adminer@sha256:667dbf4f3ed6b862dec463753f69b007c44bd79d7663007a759762bfaeb4f282"
          },
          "sensitive_attributes": [],
          "private": "bnVsbA=="
        }
      ]
    },
    {
      "mode": "managed",
      "type": "docker_image",
      "name": "airflow",
      "provider": "provider[\"registry.terraform.io/kreuzwerker/docker\"]",
      "instances": [
        {
          "schema_version": 0,
          "attributes": {
            "build": [],
            "force_remove": null,
            "id": "sha256:984d0b45f0495e8d50222a982b22891ccd4fb388d81892258658e182b9680de1airflow:1.1.0",
            "keep_locally": true,
            "latest": "sha256:984d0b45f0495e8d50222a982b22891ccd4fb388d81892258658e182b9680de1",
            "name": "airflow:1.1.0",
            "output": null,
            "pull_trigger": null,
            "pull_triggers": null,
            "repo_digest": ""
          },
          "sensitive_attributes": [],
          "private": "bnVsbA=="
        }
      ]
    },
    {
      "mode": "managed",
      "type": "docker_image",
      "name": "hadoop_datanode",
      "provider": "provider[\"registry.terraform.io/kreuzwerker/docker\"]",
      "instances": [
        {
          "schema_version": 0,
          "attributes": {
            "build": [],
            "force_remove": null,
            "id": "sha256:48a81795f15b539163458915703839473e55e4affc508729096f3a1bd351f40ehadoop-datanode:1.0.0",
            "keep_locally": true,
            "latest": "sha256:48a81795f15b539163458915703839473e55e4affc508729096f3a1bd351f40e",
            "name": "hadoop-datanode:1.0.0",
            "output": null,
            "pull_trigger": null,
            "pull_triggers": null,
            "repo_digest": ""
          },
          "sensitive_attributes": [],
          "private": "bnVsbA=="
        }
      ]
    },
    {
      "mode": "managed",
      "type": "docker_image",
      "name": "hadoop_namenode",
      "provider": "provider[\"registry.terraform.io/kreuzwerker/docker\"]",
      "instances": [
        {
          "schema_version": 0,
          "attributes": {
            "build": [],
            "force_remove": null,
            "id": "sha256:dd192aee71789996873123af7be3101aa669fdbe5b12db44badb81291a314f1chadoop-namenode:1.0.0",
            "keep_locally": true,
            "latest": "sha256:dd192aee71789996873123af7be3101aa669fdbe5b12db44badb81291a314f1c",
            "name": "hadoop-namenode:1.0.0",
            "output": null,
            "pull_trigger": null,
            "pull_triggers": null,
            "repo_digest": ""
          },
          "sensitive_attributes": [],
          "private": "bnVsbA=="
        }
      ]
    },
    {
      "mode": "managed",
      "type": "docker_image",
      "name": "hive_metastore",
      "provider": "provider[\"registry.terraform.io/kreuzwerker/docker\"]",
      "instances": [
        {
          "schema_version": 0,
          "attributes": {
            "build": [],
            "force_remove": null,
            "id": "sha256:33a7e180f085e4afb99e8637e430634941cd90c954f7766df6a67a1c2210663ehive-metastore:1.0.0",
            "keep_locally": true,
            "latest": "sha256:33a7e180f085e4afb99e8637e430634941cd90c954f7766df6a67a1c2210663e",
            "name": "hive-metastore:1.0.0",
            "output": null,
            "pull_trigger": null,
            "pull_triggers": null,
            "repo_digest": ""
          },
          "sensitive_attributes": [],
          "private": "bnVsbA=="
        }
      ]
    },
    {
      "mode": "managed",
      "type": "docker_image",
      "name": "hive_server",
      "provider": "provider[\"registry.terraform.io/kreuzwerker/docker\"]",
      "instances": [
        {
          "schema_version": 0,
          "attributes": {
            "build": [],
            "force_remove": null,
            "id": "sha256:cf951835930f197224d8ed37c03aae0dfe81d4567102fdcedace91d86378a0ffhive-server:1.0.0",
            "keep_locally": true,
            "latest": "sha256:cf951835930f197224d8ed37c03aae0dfe81d4567102fdcedace91d86378a0ff",
            "name": "hive-server:1.0.0",
            "output": null,
            "pull_trigger": null,
            "pull_triggers": null,
            "repo_digest": ""
          },
          "sensitive_attributes": [],
          "private": "bnVsbA=="
        }
      ]
    },
    {
      "mode": "managed",
      "type": "docker_image",
      "name": "hive_webhcat",
      "provider": "provider[\"registry.terraform.io/kreuzwerker/docker\"]",
      "instances": [
        {
          "schema_version": 0,
          "attributes": {
            "build": [],
            "force_remove": null,
            "id": "sha256:f814cf61461823794cefc945edef4b2f8a4a7196be86f85958006ae3d7d3049ahive-webhcat:1.0.0",
            "keep_locally": true,
            "latest": "sha256:f814cf61461823794cefc945edef4b2f8a4a7196be86f85958006ae3d7d3049a",
            "name": "hive-webhcat:1.0.0",
            "output": null,
            "pull_trigger": null,
            "pull_triggers": null,
            "repo_digest": ""
          },
          "sensitive_attributes": [],
          "private": "bnVsbA=="
        }
      ]
    },
    {
      "mode": "managed",
      "type": "docker_image",
      "name": "hue",
      "provider": "provider[\"registry.terraform.io/kreuzwerker/docker\"]",
      "instances": [
        {
          "schema_version": 0,
          "attributes": {
            "build": [],
            "force_remove": null,
            "id": "sha256:6dc44447ffe61086b9017aa014742ea8bd63251e4c236b44ac37b017194d2ce8hue:1.0.0",
            "keep_locally": true,
            "latest": "sha256:6dc44447ffe61086b9017aa014742ea8bd63251e4c236b44ac37b017194d2ce8",
            "name": "hue:1.0.0",
            "output": null,
            "pull_trigger": null,
            "pull_triggers": null,
            "repo_digest": ""
          },
          "sensitive_attributes": [],
          "private": "bnVsbA=="
        }
      ]
    },
    {
      "mode": "managed",
      "type": "docker_image",
      "name": "livy",
      "provider": "provider[\"registry.terraform.io/kreuzwerker/docker\"]",
      "instances": [
        {
          "schema_version": 0,
          "attributes": {
            "build": [],
            "force_remove": null,
            "id": "sha256:bd7e6a4f43c4ac242dd3a1c73f4ee1db18974024c426e05adcca964c8f714ff4livy:1.0.0",
            "keep_locally": true,
            "latest": "sha256:bd7e6a4f43c4ac242dd3a1c73f4ee1db18974024c426e05adcca964c8f714ff4",
            "name": "livy:1.0.0",
            "output": null,
            "pull_trigger": null,
            "pull_triggers": null,
            "repo_digest": ""
          },
          "sensitive_attributes": [],
          "private": "bnVsbA=="
        }
      ]
    },
    {
      "mode": "managed",
      "type": "docker_image",
      "name": "postgres",
      "provider": "provider[\"registry.terraform.io/kreuzwerker/docker\"]",
      "instances": [
        {
          "schema_version": 0,
          "attributes": {
            "build": [],
            "force_remove": null,
            "id": "sha256:51296ced813f404ecfcff23a5a449e696eac4371901f7e806bef7e3586fbcb87postgres-hive:1.0.0",
            "keep_locally": true,
            "latest": "sha256:51296ced813f404ecfcff23a5a449e696eac4371901f7e806bef7e3586fbcb87",
            "name": "postgres-hive:1.0.0",
            "output": null,
            "pull_trigger": null,
            "pull_triggers": null,
            "repo_digest": ""
          },
          "sensitive_attributes": [],
          "private": "bnVsbA=="
        }
      ]
    },
    {
      "mode": "managed",
      "type": "docker_image",
      "name": "spark_master",
      "provider": "provider[\"registry.terraform.io/kreuzwerker/docker\"]",
      "instances": [
        {
          "schema_version": 0,
          "attributes": {
            "build": [],
            "force_remove": null,
            "id": "sha256:d2758248847d1bc9cd6ee34eefccedf915e970c96865c491891d9c6741cf2a44spark-master:1.0.0",
            "keep_locally": true,
            "latest": "sha256:d2758248847d1bc9cd6ee34eefccedf915e970c96865c491891d9c6741cf2a44",
            "name": "spark-master:1.0.0",
            "output": null,
            "pull_trigger": null,
            "pull_triggers": null,
            "repo_digest": ""
          },
          "sensitive_attributes": [],
          "private": "bnVsbA=="
        }
      ]
    },
    {
      "mode": "managed",
      "type": "docker_image",
      "name": "spark_worker",
      "provider": "provider[\"registry.terraform.io/kreuzwerker/docker\"]",
      "instances": [
        {
          "schema_version": 0,
          "attributes": {
            "build": [],
            "force_remove": null,
            "id": "sha256:0592d59b0f8a18dbd16e588e0d96fb99b9d84b287e1c3257893f9d28dedfa0b0spark-worker:1.0.0",
            "keep_locally": true,
            "latest": "sha256:0592d59b0f8a18dbd16e588e0d96fb99b9d84b287e1c3257893f9d28dedfa0b0",
            "name": "spark-worker:1.0.0",
            "output": null,
            "pull_trigger": null,
            "pull_triggers": null,
            "repo_digest": ""
          },
          "sensitive_attributes": [],
          "private": "bnVsbA=="
        }
      ]
    },
    {
      "mode": "managed",
      "type": "docker_network",
      "name": "airflow_network",
      "provider": "provider[\"registry.terraform.io/kreuzwerker/docker\"]",
      "instances": [
        {
          "schema_version": 1,
          "attributes": {
            "attachable": false,
            "check_duplicate": null,
            "driver": "bridge",
            "id": "c8b584acf08fe9f81500d67b48dcb717a63b6fed4891eb783e6a20f7c882e12c",
            "ingress": false,
            "internal": false,
            "ipam_config": [
              {
                "aux_address": {},
                "gateway": "172.19.0.1",
                "ip_range": "",
                "subnet": "172.19.0.0/16"
              }
            ],
            "ipam_driver": "default",
            "ipv6": false,
            "labels": [],
            "name": "airflow-network",
            "options": {},
            "scope": "local"
          },
          "sensitive_attributes": [],
          "private": "eyJzY2hlbWFfdmVyc2lvbiI6IjEifQ=="
        }
      ]
    }
  ]
}
