{
  "version": 4,
  "terraform_version": "1.1.0",
  "serial": 32,
  "lineage": "64d64374-2d7a-3e5a-17bc-07ae0ca5926b",
  "outputs": {},
  "resources": [
    {
      "mode": "managed",
      "type": "docker_image",
      "name": "adminer",
      "provider": "provider[\"registry.terraform.io/kreuzwerker/docker\"]",
      "instances": [
        {
          "schema_version": 0,
          "attributes": {
            "build": [],
            "force_remove": null,
            "id": "sha256:5caaff0dbf9fa2b4e684ce5b812a1725d47439ff8152e3765c08e13b08779990wodby/adminer:latest",
            "keep_locally": true,
            "latest": "sha256:5caaff0dbf9fa2b4e684ce5b812a1725d47439ff8152e3765c08e13b08779990",
            "name": "wodby/adminer:latest",
            "output": null,
            "pull_trigger": null,
            "pull_triggers": null,
            "repo_digest": "wodby/adminer@sha256:667dbf4f3ed6b862dec463753f69b007c44bd79d7663007a759762bfaeb4f282"
          },
          "sensitive_attributes": [],
          "private": "bnVsbA=="
        }
      ]
    },
    {
      "mode": "managed",
      "type": "docker_image",
      "name": "airflow",
      "provider": "provider[\"registry.terraform.io/kreuzwerker/docker\"]",
      "instances": [
        {
          "schema_version": 0,
          "attributes": {
            "build": [
              {
                "build_arg": null,
                "dockerfile": "Dockerfile",
                "force_remove": null,
                "label": {
                  "author": "Marc Lamberti"
                },
                "no_cache": null,
                "path": "../../docker/images/airflow/",
                "remove": true,
                "tag": [
                  "airflow:latest"
                ],
                "target": ""
              }
            ],
            "force_remove": null,
            "id": "sha256:984d0b45f0495e8d50222a982b22891ccd4fb388d81892258658e182b9680de1airflow:1.1.0",
            "keep_locally": true,
            "latest": "sha256:984d0b45f0495e8d50222a982b22891ccd4fb388d81892258658e182b9680de1",
            "name": "airflow:1.1.0",
            "output": null,
            "pull_trigger": null,
            "pull_triggers": null,
            "repo_digest": ""
          },
          "sensitive_attributes": [],
          "private": "bnVsbA==",
          "dependencies": [
            "docker_image.spark_base"
          ]
        }
      ]
    },
    {
      "mode": "managed",
      "type": "docker_image",
      "name": "hadoop_base",
      "provider": "provider[\"registry.terraform.io/kreuzwerker/docker\"]",
      "instances": [
        {
          "schema_version": 0,
          "attributes": {
            "build": [
              {
                "build_arg": {},
                "dockerfile": "Dockerfile",
                "force_remove": false,
                "label": {
                  "author": "Marc Lamberti"
                },
                "no_cache": false,
                "path": "../../docker/images/hadoop-base/",
                "remove": true,
                "tag": [
                  "hadoop-base:latest"
                ],
                "target": ""
              }
            ],
            "force_remove": null,
            "id": "sha256:a7bd296f5db8f7e487ed58f64876ccf73ec8c21ac219091d1ef0bc8b4a63a62ehadoop-base:1.0.0",
            "keep_locally": true,
            "latest": "sha256:a7bd296f5db8f7e487ed58f64876ccf73ec8c21ac219091d1ef0bc8b4a63a62e",
            "name": "hadoop-base:1.0.0",
            "output": null,
            "pull_trigger": null,
            "pull_triggers": null,
            "repo_digest": ""
          },
          "sensitive_attributes": [],
          "private": "bnVsbA=="
        }
      ]
    },
    {
      "mode": "managed",
      "type": "docker_image",
      "name": "hadoop_datanode",
      "provider": "provider[\"registry.terraform.io/kreuzwerker/docker\"]",
      "instances": [
        {
          "schema_version": 0,
          "attributes": {
            "build": [
              {
                "build_arg": {},
                "dockerfile": "Dockerfile",
                "force_remove": false,
                "label": {
                  "author": "Marc Lambert"
                },
                "no_cache": false,
                "path": "../../docker/images/hadoop-datanode/",
                "remove": true,
                "tag": [
                  "hadoop-datanode:latest"
                ],
                "target": ""
              }
            ],
            "force_remove": null,
            "id": "sha256:48a81795f15b539163458915703839473e55e4affc508729096f3a1bd351f40ehadoop-datanode:1.0.0",
            "keep_locally": true,
            "latest": "sha256:48a81795f15b539163458915703839473e55e4affc508729096f3a1bd351f40e",
            "name": "hadoop-datanode:1.0.0",
            "output": null,
            "pull_trigger": null,
            "pull_triggers": null,
            "repo_digest": ""
          },
          "sensitive_attributes": [],
          "private": "bnVsbA==",
          "dependencies": [
            "docker_image.hadoop_base"
          ]
        }
      ]
    },
    {
      "mode": "managed",
      "type": "docker_image",
      "name": "hadoop_namenode",
      "provider": "provider[\"registry.terraform.io/kreuzwerker/docker\"]",
      "instances": [
        {
          "schema_version": 0,
          "attributes": {
            "build": [
              {
                "build_arg": {},
                "dockerfile": "Dockerfile",
                "force_remove": false,
                "label": {
                  "author": "Marc Lamberti"
                },
                "no_cache": false,
                "path": "../../docker/images/hadoop-namenode/",
                "remove": true,
                "tag": [
                  "hadoop-namenode:latest"
                ],
                "target": ""
              }
            ],
            "force_remove": null,
            "id": "sha256:dd192aee71789996873123af7be3101aa669fdbe5b12db44badb81291a314f1chadoop-namenode:1.0.0",
            "keep_locally": true,
            "latest": "sha256:dd192aee71789996873123af7be3101aa669fdbe5b12db44badb81291a314f1c",
            "name": "hadoop-namenode:1.0.0",
            "output": null,
            "pull_trigger": null,
            "pull_triggers": null,
            "repo_digest": ""
          },
          "sensitive_attributes": [],
          "private": "bnVsbA==",
          "dependencies": [
            "docker_image.hadoop_base"
          ]
        }
      ]
    },
    {
      "mode": "managed",
      "type": "docker_image",
      "name": "hive_base",
      "provider": "provider[\"registry.terraform.io/kreuzwerker/docker\"]",
      "instances": [
        {
          "schema_version": 0,
          "attributes": {
            "build": [
              {
                "build_arg": {},
                "dockerfile": "Dockerfile",
                "force_remove": false,
                "label": {
                  "author": "Marc Lamberti"
                },
                "no_cache": false,
                "path": "../../docker/images/hive-base/",
                "remove": true,
                "tag": [
                  "hive-base:latest"
                ],
                "target": ""
              }
            ],
            "force_remove": null,
            "id": "sha256:c85d6343ff8e59b6811c8765e63b96079f95197ffe74ccf6e7a06887f272c849hive-base:1.0.0",
            "keep_locally": true,
            "latest": "sha256:c85d6343ff8e59b6811c8765e63b96079f95197ffe74ccf6e7a06887f272c849",
            "name": "hive-base:1.0.0",
            "output": null,
            "pull_trigger": null,
            "pull_triggers": null,
            "repo_digest": ""
          },
          "sensitive_attributes": [],
          "private": "bnVsbA==",
          "dependencies": [
            "docker_image.hadoop_base"
          ]
        }
      ]
    },
    {
      "mode": "managed",
      "type": "docker_image",
      "name": "hive_metastore",
      "provider": "provider[\"registry.terraform.io/kreuzwerker/docker\"]",
      "instances": [
        {
          "schema_version": 0,
          "attributes": {
            "build": [
              {
                "build_arg": {},
                "dockerfile": "Dockerfile",
                "force_remove": false,
                "label": {
                  "author": "Marc Lamberti"
                },
                "no_cache": false,
                "path": "../../docker/images/hive-metastore/",
                "remove": true,
                "tag": [
                  "hive-metastore:latest"
                ],
                "target": ""
              }
            ],
            "force_remove": null,
            "id": "sha256:33a7e180f085e4afb99e8637e430634941cd90c954f7766df6a67a1c2210663ehive-metastore:1.0.0",
            "keep_locally": true,
            "latest": "sha256:33a7e180f085e4afb99e8637e430634941cd90c954f7766df6a67a1c2210663e",
            "name": "hive-metastore:1.0.0",
            "output": null,
            "pull_trigger": null,
            "pull_triggers": null,
            "repo_digest": ""
          },
          "sensitive_attributes": [],
          "private": "bnVsbA==",
          "dependencies": [
            "docker_image.hadoop_base",
            "docker_image.hive_base"
          ]
        }
      ]
    },
    {
      "mode": "managed",
      "type": "docker_image",
      "name": "hive_server",
      "provider": "provider[\"registry.terraform.io/kreuzwerker/docker\"]",
      "instances": [
        {
          "schema_version": 0,
          "attributes": {
            "build": [
              {
                "build_arg": {},
                "dockerfile": "Dockerfile",
                "force_remove": false,
                "label": {
                  "author": "Marc Lamberti"
                },
                "no_cache": false,
                "path": "../../docker/images/hive-server/",
                "remove": true,
                "tag": [
                  "hive-server:latest"
                ],
                "target": ""
              }
            ],
            "force_remove": null,
            "id": "sha256:cf951835930f197224d8ed37c03aae0dfe81d4567102fdcedace91d86378a0ffhive-server:1.0.0",
            "keep_locally": true,
            "latest": "sha256:cf951835930f197224d8ed37c03aae0dfe81d4567102fdcedace91d86378a0ff",
            "name": "hive-server:1.0.0",
            "output": null,
            "pull_trigger": null,
            "pull_triggers": null,
            "repo_digest": ""
          },
          "sensitive_attributes": [],
          "private": "bnVsbA==",
          "dependencies": [
            "docker_image.hive_base",
            "docker_image.hadoop_base"
          ]
        }
      ]
    },
    {
      "mode": "managed",
      "type": "docker_image",
      "name": "hive_webhcat",
      "provider": "provider[\"registry.terraform.io/kreuzwerker/docker\"]",
      "instances": [
        {
          "schema_version": 0,
          "attributes": {
            "build": [
              {
                "build_arg": {},
                "dockerfile": "Dockerfile",
                "force_remove": false,
                "label": {
                  "author": "Marc Lamberti"
                },
                "no_cache": false,
                "path": "../../docker/images/hive-webhcat/",
                "remove": true,
                "tag": [
                  "hive-webhcat:latest"
                ],
                "target": ""
              }
            ],
            "force_remove": null,
            "id": "sha256:f814cf61461823794cefc945edef4b2f8a4a7196be86f85958006ae3d7d3049ahive-webhcat:1.0.0",
            "keep_locally": true,
            "latest": "sha256:f814cf61461823794cefc945edef4b2f8a4a7196be86f85958006ae3d7d3049a",
            "name": "hive-webhcat:1.0.0",
            "output": null,
            "pull_trigger": null,
            "pull_triggers": null,
            "repo_digest": ""
          },
          "sensitive_attributes": [],
          "private": "bnVsbA==",
          "dependencies": [
            "docker_image.hadoop_base",
            "docker_image.hive_base"
          ]
        }
      ]
    },
    {
      "mode": "managed",
      "type": "docker_image",
      "name": "hue",
      "provider": "provider[\"registry.terraform.io/kreuzwerker/docker\"]",
      "instances": [
        {
          "schema_version": 0,
          "attributes": {
            "build": [
              {
                "build_arg": {},
                "dockerfile": "Dockerfile",
                "force_remove": false,
                "label": {
                  "author": "Marc Lamberti"
                },
                "no_cache": false,
                "path": "../../docker/images/hue/",
                "remove": true,
                "tag": [
                  "hue:latest"
                ],
                "target": ""
              }
            ],
            "force_remove": null,
            "id": "sha256:6dc44447ffe61086b9017aa014742ea8bd63251e4c236b44ac37b017194d2ce8hue:1.0.0",
            "keep_locally": true,
            "latest": "sha256:6dc44447ffe61086b9017aa014742ea8bd63251e4c236b44ac37b017194d2ce8",
            "name": "hue:1.0.0",
            "output": null,
            "pull_trigger": null,
            "pull_triggers": null,
            "repo_digest": ""
          },
          "sensitive_attributes": [],
          "private": "bnVsbA=="
        }
      ]
    },
    {
      "mode": "managed",
      "type": "docker_image",
      "name": "livy",
      "provider": "provider[\"registry.terraform.io/kreuzwerker/docker\"]",
      "instances": [
        {
          "schema_version": 0,
          "attributes": {
            "build": [
              {
                "build_arg": {},
                "dockerfile": "Dockerfile",
                "force_remove": false,
                "label": {
                  "author": "Marc Lamberti"
                },
                "no_cache": false,
                "path": "../../docker/images/livy/",
                "remove": true,
                "tag": [
                  "livy:latest"
                ],
                "target": ""
              }
            ],
            "force_remove": null,
            "id": "sha256:bd7e6a4f43c4ac242dd3a1c73f4ee1db18974024c426e05adcca964c8f714ff4livy:1.0.0",
            "keep_locally": true,
            "latest": "sha256:bd7e6a4f43c4ac242dd3a1c73f4ee1db18974024c426e05adcca964c8f714ff4",
            "name": "livy:1.0.0",
            "output": null,
            "pull_trigger": null,
            "pull_triggers": null,
            "repo_digest": ""
          },
          "sensitive_attributes": [],
          "private": "bnVsbA=="
        }
      ]
    },
    {
      "mode": "managed",
      "type": "docker_image",
      "name": "postgres",
      "provider": "provider[\"registry.terraform.io/kreuzwerker/docker\"]",
      "instances": [
        {
          "schema_version": 0,
          "attributes": {
            "build": [
              {
                "build_arg": {},
                "dockerfile": "Dockerfile",
                "force_remove": false,
                "label": {
                  "author": "Marc Lamberti"
                },
                "no_cache": false,
                "path": "../../docker/images/postgres/",
                "remove": true,
                "tag": [
                  "postgres-hive:latest"
                ],
                "target": ""
              }
            ],
            "force_remove": null,
            "id": "sha256:51296ced813f404ecfcff23a5a449e696eac4371901f7e806bef7e3586fbcb87postgres-hive:1.0.0",
            "keep_locally": true,
            "latest": "sha256:51296ced813f404ecfcff23a5a449e696eac4371901f7e806bef7e3586fbcb87",
            "name": "postgres-hive:1.0.0",
            "output": null,
            "pull_trigger": null,
            "pull_triggers": null,
            "repo_digest": ""
          },
          "sensitive_attributes": [],
          "private": "bnVsbA=="
        }
      ]
    },
    {
      "mode": "managed",
      "type": "docker_image",
      "name": "spark_base",
      "provider": "provider[\"registry.terraform.io/kreuzwerker/docker\"]",
      "instances": [
        {
          "schema_version": 0,
          "attributes": {
            "build": [
              {
                "build_arg": {},
                "dockerfile": "Dockerfile",
                "force_remove": false,
                "label": {
                  "author": "Marc Lamberti"
                },
                "no_cache": false,
                "path": "../../docker/images/spark-base/",
                "remove": true,
                "tag": [
                  "spark-base:latest"
                ],
                "target": ""
              }
            ],
            "force_remove": null,
            "id": "sha256:361e95ad0304278e58f891d1745f6f2be20c6ae62a97dee17fb1a448934df0f2spark-base:1.0.0",
            "keep_locally": true,
            "latest": "sha256:361e95ad0304278e58f891d1745f6f2be20c6ae62a97dee17fb1a448934df0f2",
            "name": "spark-base:1.0.0",
            "output": null,
            "pull_trigger": null,
            "pull_triggers": null,
            "repo_digest": ""
          },
          "sensitive_attributes": [],
          "private": "bnVsbA==",
          "dependencies": [
            "docker_image.hadoop_base",
            "docker_image.hive_base"
          ]
        }
      ]
    },
    {
      "mode": "managed",
      "type": "docker_image",
      "name": "spark_master",
      "provider": "provider[\"registry.terraform.io/kreuzwerker/docker\"]",
      "instances": [
        {
          "schema_version": 0,
          "attributes": {
            "build": [
              {
                "build_arg": {},
                "dockerfile": "Dockerfile",
                "force_remove": false,
                "label": {
                  "author": "Marc Lamberti"
                },
                "no_cache": false,
                "path": "../../docker/images/spark-master/",
                "remove": true,
                "tag": [
                  "spark-master:latest"
                ],
                "target": ""
              }
            ],
            "force_remove": null,
            "id": "sha256:d2758248847d1bc9cd6ee34eefccedf915e970c96865c491891d9c6741cf2a44spark-master:1.0.0",
            "keep_locally": true,
            "latest": "sha256:d2758248847d1bc9cd6ee34eefccedf915e970c96865c491891d9c6741cf2a44",
            "name": "spark-master:1.0.0",
            "output": null,
            "pull_trigger": null,
            "pull_triggers": null,
            "repo_digest": ""
          },
          "sensitive_attributes": [],
          "private": "bnVsbA==",
          "dependencies": [
            "docker_image.hadoop_base",
            "docker_image.hive_base",
            "docker_image.spark_base"
          ]
        }
      ]
    },
    {
      "mode": "managed",
      "type": "docker_image",
      "name": "spark_worker",
      "provider": "provider[\"registry.terraform.io/kreuzwerker/docker\"]",
      "instances": [
        {
          "schema_version": 0,
          "attributes": {
            "build": [
              {
                "build_arg": {},
                "dockerfile": "Dockerfile",
                "force_remove": false,
                "label": {
                  "author": "Marc Lamberti"
                },
                "no_cache": false,
                "path": "../../docker/images/spark-worker/",
                "remove": true,
                "tag": [
                  "spark-worker:latest"
                ],
                "target": ""
              }
            ],
            "force_remove": null,
            "id": "sha256:0592d59b0f8a18dbd16e588e0d96fb99b9d84b287e1c3257893f9d28dedfa0b0spark-worker:1.0.0",
            "keep_locally": true,
            "latest": "sha256:0592d59b0f8a18dbd16e588e0d96fb99b9d84b287e1c3257893f9d28dedfa0b0",
            "name": "spark-worker:1.0.0",
            "output": null,
            "pull_trigger": null,
            "pull_triggers": null,
            "repo_digest": ""
          },
          "sensitive_attributes": [],
          "private": "bnVsbA==",
          "dependencies": [
            "docker_image.hadoop_base",
            "docker_image.hive_base",
            "docker_image.spark_base"
          ]
        }
      ]
    },
    {
      "mode": "managed",
      "type": "docker_volume",
      "name": "airflow_vol",
      "provider": "provider[\"registry.terraform.io/kreuzwerker/docker\"]",
      "instances": [
        {
          "schema_version": 1,
          "attributes": {
            "driver": "local",
            "driver_opts": {},
            "id": "airflow-vol",
            "labels": [],
            "mountpoint": "/var/lib/docker/volumes/airflow-vol/_data",
            "name": "airflow-vol"
          },
          "sensitive_attributes": [],
          "private": "eyJzY2hlbWFfdmVyc2lvbiI6IjEifQ=="
        }
      ]
    },
    {
      "mode": "managed",
      "type": "docker_volume",
      "name": "datanode_vol",
      "provider": "provider[\"registry.terraform.io/kreuzwerker/docker\"]",
      "instances": [
        {
          "schema_version": 1,
          "attributes": {
            "driver": "local",
            "driver_opts": {},
            "id": "datanode-vol",
            "labels": [],
            "mountpoint": "/var/lib/docker/volumes/datanode-vol/_data",
            "name": "datanode-vol"
          },
          "sensitive_attributes": [],
          "private": "eyJzY2hlbWFfdmVyc2lvbiI6IjEifQ=="
        }
      ]
    },
    {
      "mode": "managed",
      "type": "docker_volume",
      "name": "namenode_vol",
      "provider": "provider[\"registry.terraform.io/kreuzwerker/docker\"]",
      "instances": [
        {
          "schema_version": 1,
          "attributes": {
            "driver": "local",
            "driver_opts": {},
            "id": "namenode-vol",
            "labels": [],
            "mountpoint": "/var/lib/docker/volumes/namenode-vol/_data",
            "name": "namenode-vol"
          },
          "sensitive_attributes": [],
          "private": "eyJzY2hlbWFfdmVyc2lvbiI6IjEifQ=="
        }
      ]
    },
    {
      "mode": "managed",
      "type": "docker_volume",
      "name": "postgres_vol",
      "provider": "provider[\"registry.terraform.io/kreuzwerker/docker\"]",
      "instances": [
        {
          "schema_version": 1,
          "attributes": {
            "driver": "local",
            "driver_opts": {},
            "id": "postgres-vol",
            "labels": [],
            "mountpoint": "/var/lib/docker/volumes/postgres-vol/_data",
            "name": "postgres-vol"
          },
          "sensitive_attributes": [],
          "private": "eyJzY2hlbWFfdmVyc2lvbiI6IjEifQ=="
        }
      ]
    },
    {
      "mode": "managed",
      "type": "docker_volume",
      "name": "spark_master_apps_vol",
      "provider": "provider[\"registry.terraform.io/kreuzwerker/docker\"]",
      "instances": [
        {
          "schema_version": 1,
          "attributes": {
            "driver": "local",
            "driver_opts": {},
            "id": "spark-master-apps-vol",
            "labels": [],
            "mountpoint": "/var/lib/docker/volumes/spark-master-apps-vol/_data",
            "name": "spark-master-apps-vol"
          },
          "sensitive_attributes": [],
          "private": "eyJzY2hlbWFfdmVyc2lvbiI6IjEifQ=="
        }
      ]
    },
    {
      "mode": "managed",
      "type": "docker_volume",
      "name": "spark_master_data_vol",
      "provider": "provider[\"registry.terraform.io/kreuzwerker/docker\"]",
      "instances": [
        {
          "schema_version": 1,
          "attributes": {
            "driver": "local",
            "driver_opts": {},
            "id": "spark-master-data-vol",
            "labels": [],
            "mountpoint": "/var/lib/docker/volumes/spark-master-data-vol/_data",
            "name": "spark-master-data-vol"
          },
          "sensitive_attributes": [],
          "private": "eyJzY2hlbWFfdmVyc2lvbiI6IjEifQ=="
        }
      ]
    },
    {
      "mode": "managed",
      "type": "docker_volume",
      "name": "spark_worker_apps_vol",
      "provider": "provider[\"registry.terraform.io/kreuzwerker/docker\"]",
      "instances": [
        {
          "schema_version": 1,
          "attributes": {
            "driver": "local",
            "driver_opts": {},
            "id": "spark-worker-apps-vol",
            "labels": [],
            "mountpoint": "/var/lib/docker/volumes/spark-worker-apps-vol/_data",
            "name": "spark-worker-apps-vol"
          },
          "sensitive_attributes": [],
          "private": "eyJzY2hlbWFfdmVyc2lvbiI6IjEifQ=="
        }
      ]
    },
    {
      "mode": "managed",
      "type": "docker_volume",
      "name": "spark_worker_data_vol",
      "provider": "provider[\"registry.terraform.io/kreuzwerker/docker\"]",
      "instances": [
        {
          "schema_version": 1,
          "attributes": {
            "driver": "local",
            "driver_opts": {},
            "id": "spark-worker-data-vol",
            "labels": [],
            "mountpoint": "/var/lib/docker/volumes/spark-worker-data-vol/_data",
            "name": "spark-worker-data-vol"
          },
          "sensitive_attributes": [],
          "private": "eyJzY2hlbWFfdmVyc2lvbiI6IjEifQ=="
        }
      ]
    }
  ]
}
